
Microsoft Visual Studio Solution File, Format Version 12.00
# Visual Studio Version 17
VisualStudioVersion = 17.6.33801.468
MinimumVisualStudioVersion = 10.0.40219.1
Project("{FAE04EC0-301F-11D3-BF4B-00C04F79EFBC}") = "MapEditor", "MapEditor\MapEditor.csproj", "{84667808-29C6-41EE-A3D6-2C15446DD338}"
EndProject
Global
	GlobalSection(SolutionConfigurationPlatforms) = preSolution
		Debug|Any CPU = Debug|Any CPU
		Release|Any CPU = Release|Any CPU
	EndGlobalSection
	GlobalSection(ProjectConfigurationPlatforms) = postSolution
		{84667808-29C6-41EE-A3D6-2C15446DD338}.Debug|Any CPU.ActiveCfg = Debug|Any CPU
		{84667808-29C6-41EE-A3D6-2C15446DD338}.Debug|Any CPU.Build.0 = Debug|Any CPU
		{84667808-29C6-41EE-A3D6-2C15446DD338}.Release|Any CPU.ActiveCfg = Release|Any CPU
		{84667808-29C6-41EE-A3D6-2C15446DD338}.Release|Any CPU.Build.0 = Release|Any CPU
	EndGlobalSection
	GlobalSection(SolutionProperties) = preSolution
		HideSolutionNode = FALSE
	EndGlobalSection
	GlobalSection(ExtensibilityGlobals) = postSolution
		SolutionGuid = {9A424F07-F456-412C-AAF5-DED88853F968}
	EndGlobalSection
EndGlobal
